
Microsoft Visual Studio Solution File, Format Version 12.00
# Visual Studio Version 17
VisualStudioVersion = 17.0.32014.148
MinimumVisualStudioVersion = 10.0.40219.1
Project("{FAE04EC0-301F-11D3-BF4B-00C04F79EFBC}") = "PokemonEssentials", "PokemonEssentials.csproj", "{F2DD1008-519D-4F6A-BA3C-06A9E9306AA2}"
EndProject
Project("{2150E333-8FDC-42A3-9474-1A3956D46DE8}") = "Solution Folder", "Solution Folder", "{CDDF6D54-EE26-454E-B300-380C280BDAEB}"
	ProjectSection(SolutionItems) = preProject
		.gitignore = .gitignore
		README.md = README.md
	EndProjectSection
EndProject
Project("{FAE04EC0-301F-11D3-BF4B-00C04F79EFBC}") = "PokemonEssentials.Interface", "PokemonEssentials.Interface.csproj", "{F2DD1008-519D-4F6A-BA3C-06A9E9306AA3}"
EndProject
Global
	GlobalSection(SolutionConfigurationPlatforms) = preSolution
		Debug|Any CPU = Debug|Any CPU
		Release|Any CPU = Release|Any CPU
	EndGlobalSection
	GlobalSection(ProjectConfigurationPlatforms) = postSolution
		{F2DD1008-519D-4F6A-BA3C-06A9E9306AA2}.Debug|Any CPU.ActiveCfg = Debug|Any CPU
		{F2DD1008-519D-4F6A-BA3C-06A9E9306AA2}.Debug|Any CPU.Build.0 = Debug|Any CPU
		{F2DD1008-519D-4F6A-BA3C-06A9E9306AA2}.Release|Any CPU.ActiveCfg = Release|Any CPU
		{F2DD1008-519D-4F6A-BA3C-06A9E9306AA2}.Release|Any CPU.Build.0 = Release|Any CPU
		{F2DD1008-519D-4F6A-BA3C-06A9E9306AA3}.Debug|Any CPU.ActiveCfg = Debug|Any CPU
		{F2DD1008-519D-4F6A-BA3C-06A9E9306AA3}.Debug|Any CPU.Build.0 = Debug|Any CPU
		{F2DD1008-519D-4F6A-BA3C-06A9E9306AA3}.Release|Any CPU.ActiveCfg = Release|Any CPU
		{F2DD1008-519D-4F6A-BA3C-06A9E9306AA3}.Release|Any CPU.Build.0 = Release|Any CPU
	EndGlobalSection
	GlobalSection(SolutionProperties) = preSolution
		HideSolutionNode = FALSE
	EndGlobalSection
	GlobalSection(ExtensibilityGlobals) = postSolution
		SolutionGuid = {133143DB-25B6-405A-8332-99DE7EE5509A}
	EndGlobalSection
EndGlobal
